// !$*UTF8*$!
{
	archiveVersion = 1;
	classes = {
	};
	objectVersion = 46;
	objects = {

/* Begin PBXBuildFile section */
		7F37F62D1CC64CA500245108 /* main.m in Sources */ = {isa = PBXBuildFile; fileRef = 7F37F62C1CC64CA500245108 /* main.m */; };
		7F37F6301CC64CA500245108 /* AppDelegate.m in Sources */ = {isa = PBXBuildFile; fileRef = 7F37F62F1CC64CA500245108 /* AppDelegate.m */; };
		7F37F6331CC64CA500245108 /* ViewController.m in Sources */ = {isa = PBXBuildFile; fileRef = 7F37F6321CC64CA500245108 /* ViewController.m */; };
		7F37F6361CC64CA500245108 /* Main.storyboard in Resources */ = {isa = PBXBuildFile; fileRef = 7F37F6341CC64CA500245108 /* Main.storyboard */; };
		7F37F6381CC64CA500245108 /* Assets.xcassets in Resources */ = {isa = PBXBuildFile; fileRef = 7F37F6371CC64CA500245108 /* Assets.xcassets */; };
		7F37F63B1CC64CA500245108 /* LaunchScreen.storyboard in Resources */ = {isa = PBXBuildFile; fileRef = 7F37F6391CC64CA500245108 /* LaunchScreen.storyboard */; };
/* End PBXBuildFile section */

/* Begin PBXFileReference section */
		7F37F6281CC64CA500245108 /* Packing List.app */ = {isa = PBXFileReference; explicitFileType = wrapper.application; includeInIndex = 0; path = "Packing List.app"; sourceTree = BUILT_PRODUCTS_DIR; };
		7F37F62C1CC64CA500245108 /* main.m */ = {isa = PBXFileReference; lastKnownFileType = sourcecode.c.objc; path = main.m; sourceTree = "<group>"; };
		7F37F62E1CC64CA500245108 /* AppDelegate.h */ = {isa = PBXFileReference; lastKnownFileType = sourcecode.c.h; path = AppDelegate.h; sourceTree = "<group>"; };
		7F37F62F1CC64CA500245108 /* AppDelegate.m */ = {isa = PBXFileReference; lastKnownFileType = sourcecode.c.objc; path = AppDelegate.m; sourceTree = "<group>"; };
		7F37F6311CC64CA500245108 /* ViewController.h */ = {isa = PBXFileReference; lastKnownFileType = sourcecode.c.h; path = ViewController.h; sourceTree = "<group>"; };
		7F37F6321CC64CA500245108 /* ViewController.m */ = {isa = PBXFileReference; lastKnownFileType = sourcecode.c.objc; path = ViewController.m; sourceTree = "<group>"; };
		7F37F6351CC64CA500245108 /* Base */ = {isa = PBXFileReference; lastKnownFileType = file.storyboard; name = Base; path = Base.lproj/Main.storyboard; sourceTree = "<group>"; };
		7F37F6371CC64CA500245108 /* Assets.xcassets */ = {isa = PBXFileReference; lastKnownFileType = folder.assetcatalog; path = Assets.xcassets; sourceTree = "<group>"; };
		7F37F63A1CC64CA500245108 /* Base */ = {isa = PBXFileReference; lastKnownFileType = file.storyboard; name = Base; path = Base.lproj/LaunchScreen.storyboard; sourceTree = "<group>"; };
		7F37F63C1CC64CA500245108 /* Info.plist */ = {isa = PBXFileReference; lastKnownFileType = text.plist.xml; path = Info.plist; sourceTree = "<group>"; };
/* End PBXFileReference section */

/* Begin PBXFrameworksBuildPhase section */
		7F37F6251CC64CA500245108 /* Frameworks */ = {
			isa = PBXFrameworksBuildPhase;
			buildActionMask = 2147483647;
			files = (
			);
			runOnlyForDeploymentPostprocessing = 0;
		};
/* End PBXFrameworksBuildPhase section */

/* Begin PBXGroup section */
		7F37F61F1CC64CA500245108 = {
			isa = PBXGroup;
			children = (
				7F37F62A1CC64CA500245108 /* Packing List */,
				7F37F6291CC64CA500245108 /* Products */,
			);
			sourceTree = "<group>";
		};
		7F37F6291CC64CA500245108 /* Products */ = {
			isa = PBXGroup;
			children = (
				7F37F6281CC64CA500245108 /* Packing List.app */,
			);
			name = Products;
			sourceTree = "<group>";
		};
		7F37F62A1CC64CA500245108 /* Packing List */ = {
			isa = PBXGroup;
			children = (
				7F37F62E1CC64CA500245108 /* AppDelegate.h */,
				7F37F62F1CC64CA500245108 /* AppDelegate.m */,
				7F37F6311CC64CA500245108 /* ViewController.h */,
				7F37F6321CC64CA500245108 /* ViewController.m */,
				7F37F6341CC64CA500245108 /* Main.storyboard */,
				7F37F6371CC64CA500245108 /* Assets.xcassets */,
				7F37F6391CC64CA500245108 /* LaunchScreen.storyboard */,
				7F37F63C1CC64CA500245108 /* Info.plist */,
				7F37F62B1CC64CA500245108 /* Supporting Files */,
			);
			path = "Packing List";
			sourceTree = "<group>";
		};
		7F37F62B1CC64CA500245108 /* Supporting Files */ = {
			isa = PBXGroup;
			children = (
				7F37F62C1CC64CA500245108 /* main.m */,
			);
			name = "Supporting Files";
			sourceTree = "<group>";
		};
/* End PBXGroup section */

/* Begin PBXNativeTarget section */
		7F37F6271CC64CA500245108 /* Packing List */ = {
			isa = PBXNativeTarget;
			buildConfigurationList = 7F37F63F1CC64CA500245108 /* Build configuration list for PBXNativeTarget "Packing List" */;
			buildPhases = (
				7F37F6241CC64CA500245108 /* Sources */,
				7F37F6251CC64CA500245108 /* Frameworks */,
				7F37F6261CC64CA500245108 /* Resources */,
			);
			buildRules = (
			);
			dependencies = (
			);
			name = "Packing List";
			productName = "Packing List";
			productReference = 7F37F6281CC64CA500245108 /* Packing List.app */;
			productType = "com.apple.product-type.application";
		};
/* End PBXNativeTarget section */

/* Begin PBXProject section */
		7F37F6201CC64CA500245108 /* Project object */ = {
			isa = PBXProject;
			attributes = {
				LastUpgradeCheck = 0720;
				ORGANIZATIONNAME = "Kozue Wendén";
				TargetAttributes = {
					7F37F6271CC64CA500245108 = {
						CreatedOnToolsVersion = 7.2.1;
						DevelopmentTeam = 962GPJXC27;
					};
				};
			};
			buildConfigurationList = 7F37F6231CC64CA500245108 /* Build configuration list for PBXProject "Packing List" */;
			compatibilityVersion = "Xcode 3.2";
			developmentRegion = English;
			hasScannedForEncodings = 0;
			knownRegions = (
				en,
				Base,
			);
			mainGroup = 7F37F61F1CC64CA500245108;
			productRefGroup = 7F37F6291CC64CA500245108 /* Products */;
			projectDirPath = "";
			projectRoot = "";
			targets = (
				7F37F6271CC64CA500245108 /* Packing List */,
			);
		};
/* End PBXProject section */

/* Begin PBXResourcesBuildPhase section */
		7F37F6261CC64CA500245108 /* Resources */ = {
			isa = PBXResourcesBuildPhase;
			buildActionMask = 2147483647;
			files = (
				7F37F63B1CC64CA500245108 /* LaunchScreen.storyboard in Resources */,
				7F37F6381CC64CA500245108 /* Assets.xcassets in Resources */,
				7F37F6361CC64CA500245108 /* Main.storyboard in Resources */,
			);
			runOnlyForDeploymentPostprocessing = 0;
		};
/* End PBXResourcesBuildPhase section */

/* Begin PBXSourcesBuildPhase section */
		7F37F6241CC64CA500245108 /* Sources */ = {
			isa = PBXSourcesBuildPhase;
			buildActionMask = 2147483647;
			files = (
				7F37F6331CC64CA500245108 /* ViewController.m in Sources */,
				7F37F6301CC64CA500245108 /* AppDelegate.m in Sources */,
				7F37F62D1CC64CA500245108 /* main.m in Sources */,
			);
			runOnlyForDeploymentPostprocessing = 0;
		};
/* End PBXSourcesBuildPhase section */

/* Begin PBXVariantGroup section */
		7F37F6341CC64CA500245108 /* Main.storyboard */ = {
			isa = PBXVariantGroup;
			children = (
				7F37F6351CC64CA500245108 /* Base */,
			);
			name = Main.storyboard;
			sourceTree = "<group>";
		};
		7F37F6391CC64CA500245108 /* LaunchScreen.storyboard */ = {
			isa = PBXVariantGroup;
			children = (
				7F37F63A1CC64CA500245108 /* Base */,
			);
			name = LaunchScreen.storyboard;
			sourceTree = "<group>";
		};
/* End PBXVariantGroup section */

/* Begin XCBuildConfiguration section */
		7F37F63D1CC64CA500245108 /* Debug */ = {
			isa = XCBuildConfiguration;
			buildSettings = {
				ALWAYS_SEARCH_USER_PATHS = NO;
				CLANG_CXX_LANGUAGE_STANDARD = "gnu++0x";
				CLANG_CXX_LIBRARY = "libc++";
				CLANG_ENABLE_MODULES = YES;
				CLANG_ENABLE_OBJC_ARC = YES;
				CLANG_WARN_BOOL_CONVERSION = YES;
				CLANG_WARN_CONSTANT_CONVERSION = YES;
				CLANG_WARN_DIRECT_OBJC_ISA_USAGE = YES_ERROR;
				CLANG_WARN_EMPTY_BODY = YES;
				CLANG_WARN_ENUM_CONVERSION = YES;
				CLANG_WARN_INT_CONVERSION = YES;
				CLANG_WARN_OBJC_ROOT_CLASS = YES_ERROR;
				CLANG_WARN_UNREACHABLE_CODE = YES;
				CLANG_WARN__DUPLICATE_METHOD_MATCH = YES;
				"CODE_SIGN_IDENTITY[sdk=iphoneos*]" = "iPhone Developer";
				COPY_PHASE_STRIP = NO;
				DEBUG_INFORMATION_FORMAT = dwarf;
				ENABLE_STRICT_OBJC_MSGSEND = YES;
				ENABLE_TESTABILITY = YES;
				GCC_C_LANGUAGE_STANDARD = gnu99;
				GCC_DYNAMIC_NO_PIC = NO;
				GCC_NO_COMMON_BLOCKS = YES;
				GCC_OPTIMIZATION_LEVEL = 0;
				GCC_PREPROCESSOR_DEFINITIONS = (
					"DEBUG=1",
					"$(inherited)",
				);
				GCC_WARN_64_TO_32_BIT_CONVERSION = YES;
				GCC_WARN_ABOUT_RETURN_TYPE = YES_ERROR;
				GCC_WARN_UNDECLARED_SELECTOR = YES;
				GCC_WARN_UNINITIALIZED_AUTOS = YES_AGGRESSIVE;
				GCC_WARN_UNUSED_FUNCTION = YES;
				GCC_WARN_UNUSED_VARIABLE = YES;
				IPHONEOS_DEPLOYMENT_TARGET = 9.2;
				MTL_ENABLE_DEBUG_INFO = YES;
				ONLY_ACTIVE_ARCH = YES;
				SDKROOT = iphoneos;
			};
			name = Debug;
		};
		7F37F63E1CC64CA500245108 /* Release */ = {
			isa = XCBuildConfiguration;
			buildSettings = {
				ALWAYS_SEARCH_USER_PATHS = NO;
				CLANG_CXX_LANGUAGE_STANDARD = "gnu++0x";
				CLANG_CXX_LIBRARY = "libc++";
				CLANG_ENABLE_MODULES = YES;
				CLANG_ENABLE_OBJC_ARC = YES;
				CLANG_WARN_BOOL_CONVERSION = YES;
				CLANG_WARN_CONSTANT_CONVERSION = YES;
				CLANG_WARN_DIRECT_OBJC_ISA_USAGE = YES_ERROR;
				CLANG_WARN_EMPTY_BODY = YES;
				CLANG_WARN_ENUM_CONVERSION = YES;
				CLANG_WARN_INT_CONVERSION = YES;
				CLANG_WARN_OBJC_ROOT_CLASS = YES_ERROR;
				CLANG_WARN_UNREACHABLE_CODE = YES;
				CLANG_WARN__DUPLICATE_METHOD_MATCH = YES;
				"CODE_SIGN_IDENTITY[sdk=iphoneos*]" = "iPhone Developer";
				COPY_PHASE_STRIP = NO;
				DEBUG_INFORMATION_FORMAT = "dwarf-with-dsym";
				ENABLE_NS_ASSERTIONS = NO;
				ENABLE_STRICT_OBJC_MSGSEND = YES;
				GCC_C_LANGUAGE_STANDARD = gnu99;
				GCC_NO_COMMON_BLOCKS = YES;
				GCC_WARN_64_TO_32_BIT_CONVERSION = YES;
				GCC_WARN_ABOUT_RETURN_TYPE = YES_ERROR;
				GCC_WARN_UNDECLARED_SELECTOR = YES;
				GCC_WARN_UNINITIALIZED_AUTOS = YES_AGGRESSIVE;
				GCC_WARN_UNUSED_FUNCTION = YES;
				GCC_WARN_UNUSED_VARIABLE = YES;
				IPHONEOS_DEPLOYMENT_TARGET = 9.2;
				MTL_ENABLE_DEBUG_INFO = NO;
				SDKROOT = iphoneos;
				VALIDATE_PRODUCT = YES;
			};
			name = Release;
		};
		7F37F6401CC64CA500245108 /* Debug */ = {
			isa = XCBuildConfiguration;
			buildSettings = {
				ASSETCATALOG_COMPILER_APPICON_NAME = AppIcon;
				INFOPLIST_FILE = "Packing List/Info.plist";
				LD_RUNPATH_SEARCH_PATHS = "$(inherited) @executable_path/Frameworks";
				PRODUCT_BUNDLE_IDENTIFIER = "KWK.Packing-List";
				PRODUCT_NAME = "$(TARGET_NAME)";
			};
			name = Debug;
		};
		7F37F6411CC64CA500245108 /* Release */ = {
			isa = XCBuildConfiguration;
			buildSettings = {
				ASSETCATALOG_COMPILER_APPICON_NAME = AppIcon;
				INFOPLIST_FILE = "Packing List/Info.plist";
				LD_RUNPATH_SEARCH_PATHS = "$(inherited) @executable_path/Frameworks";
				PRODUCT_BUNDLE_IDENTIFIER = "KWK.Packing-List";
				PRODUCT_NAME = "$(TARGET_NAME)";
			};
			name = Release;
		};
/* End XCBuildConfiguration section */

/* Begin XCConfigurationList section */
		7F37F6231CC64CA500245108 /* Build configuration list for PBXProject "Packing List" */ = {
			isa = XCConfigurationList;
			buildConfigurations = (
				7F37F63D1CC64CA500245108 /* Debug */,
				7F37F63E1CC64CA500245108 /* Release */,
			);
			defaultConfigurationIsVisible = 0;
			defaultConfigurationName = Release;
		};
		7F37F63F1CC64CA500245108 /* Build configuration list for PBXNativeTarget "Packing List" */ = {
			isa = XCConfigurationList;
			buildConfigurations = (
				7F37F6401CC64CA500245108 /* Debug */,
				7F37F6411CC64CA500245108 /* Release */,
			);
			defaultConfigurationIsVisible = 0;
		};
/* End XCConfigurationList section */
	};
	rootObject = 7F37F6201CC64CA500245108 /* Project object */;
}
